
Microsoft Visual Studio Solution File, Format Version 12.00
# Visual Studio Version 17
VisualStudioVersion = 17.13.35931.197 d17.13
MinimumVisualStudioVersion = 10.0.40219.1
Project("{FAE04EC0-301F-11D3-BF4B-00C04F79EFBC}") = "xUnitExample", "xUnitExample\xUnitExample.csproj", "{1E6B2620-907A-4854-A78B-4AB75D8DF382}"
EndProject
Project("{FAE04EC0-301F-11D3-BF4B-00C04F79EFBC}") = "xUnitExample.Tests", "xUnitExample.Tests\xUnitExample.Tests.csproj", "{B0D130BF-D692-46FF-804A-D626DAF737AF}"
EndProject
Global
	GlobalSection(SolutionConfigurationPlatforms) = preSolution
		Debug|Any CPU = Debug|Any CPU
		Release|Any CPU = Release|Any CPU
	EndGlobalSection
	GlobalSection(ProjectConfigurationPlatforms) = postSolution
		{1E6B2620-907A-4854-A78B-4AB75D8DF382}.Debug|Any CPU.ActiveCfg = Debug|Any CPU
		{1E6B2620-907A-4854-A78B-4AB75D8DF382}.Debug|Any CPU.Build.0 = Debug|Any CPU
		{1E6B2620-907A-4854-A78B-4AB75D8DF382}.Release|Any CPU.ActiveCfg = Release|Any CPU
		{1E6B2620-907A-4854-A78B-4AB75D8DF382}.Release|Any CPU.Build.0 = Release|Any CPU
		{B0D130BF-D692-46FF-804A-D626DAF737AF}.Debug|Any CPU.ActiveCfg = Debug|Any CPU
		{B0D130BF-D692-46FF-804A-D626DAF737AF}.Debug|Any CPU.Build.0 = Debug|Any CPU
		{B0D130BF-D692-46FF-804A-D626DAF737AF}.Release|Any CPU.ActiveCfg = Release|Any CPU
		{B0D130BF-D692-46FF-804A-D626DAF737AF}.Release|Any CPU.Build.0 = Release|Any CPU
	EndGlobalSection
	GlobalSection(SolutionProperties) = preSolution
		HideSolutionNode = FALSE
	EndGlobalSection
	GlobalSection(ExtensibilityGlobals) = postSolution
		SolutionGuid = {4AB5C97C-ABB9-43BE-8EAE-62E0B28C4E1E}
	EndGlobalSection
EndGlobal
